#MicroXplorer Project Settings - do not modify
File.Version=6
LibraryCopySrc=1
ProjectManager.LibraryCopySrc=1
ProjectManager.ProjectBuildStruct=
ProjectManager.ProjectFileName=stm32f4_cubemx.ioc
ProjectManager.ProjectName=stm32f4_cubemx
ProjectManager.toolchain=Makefile

Mcu.CPN=STM32F439ZITx
Mcu.Family=STM32F4
Mcu.IP0=NVIC
Mcu.IP1=RCC
Mcu.IP2=SYS
Mcu.IP3=TIM3
Mcu.IP4=USART3
Mcu.IPNb=5
Mcu.Name=STM32F439ZITx
Mcu.Package=LQFP144
Mcu.Pin0=PA5
Mcu.Pin1=PA6
Mcu.Pin2=PA13
Mcu.Pin3=PA14
Mcu.Pin4=PD8
Mcu.Pin5=PD9
Mcu.PinsNb=6
Mcu.UserName=STM32F439ZITx

PA5.GPIO_Label=LD2
PA5.Locked=true
PA5.Mode=Output PP
PA5.Signal=GPIO_Output
PA5.GPIO_Speed=GPIO_SPEED_FREQ_LOW
PA5.GPIO_Pull=GPIO_NOPULL

PA6.Locked=true
PA6.Mode=PWM Generation CH1
PA6.Signal=TIM3_CH1

TIM3.Channel-PWM\ Generation\ CH1=TIM_CHANNEL_1
TIM3.ClockDivision=TIM_CLOCKDIVISION_DIV1
TIM3.CounterMode=TIM_COUNTERMODE_UP
TIM3.ICFilter_CH1=0
TIM3.IPParameters=Channel-PWM\ Generation\ CH1,ClockDivision,CounterMode,ICFilter_CH1,Period,Prescaler,Pulse1
TIM3.Period=999
TIM3.Prescaler=15
TIM3.Pulse1=500

PA13.Mode=Serial Wire
PA13.Signal=SYS_JTMS-SWDIO

PA14.Mode=Serial Wire
PA14.Signal=SYS_JTCK-SWCLK

PD8.Locked=true
PD8.Mode=Asynchronous
PD8.Signal=USART3_TX

PD9.Locked=true
PD9.Mode=Asynchronous
PD9.Signal=USART3_RX

RCC.HSEFreq_Value=8000000
RCC.HSEState=RCC_HSE_ON
RCC.PLLState=RCC_PLL_NONE
RCC.SYSCLKSource=RCC_SYSCLKSOURCE_HSI

USART3.BaudRate=115200
USART3.WordLength=UART_WORDLENGTH_8B
USART3.StopBits=UART_STOPBITS_1
USART3.Parity=UART_PARITY_NONE
USART3.Mode=UART_MODE_TX_RX
USART3.HwFlowCtl=UART_HWCONTROL_NONE

board=NUCLEO-F439ZI
boardIODbName=DB::Board::NUCLEO-F439ZI
